PODS:
  - Alamofire (4.0.1)
  - Bugly (2.4.6)
  - SwiftyJSON (3.1.4)
  - UMengAnalytics (4.2.4)
  - UMengUShare/Core (6.2.2):
    - UMengUShare/Network
  - UMengUShare/Network (6.2.2)
  - UMengUShare/Social/QQ (6.2.2):
    - UMengUShare/Core
  - UMengUShare/Social/Sina (6.2.2):
    - UMengUShare/Core
  - UMengUShare/Social/WeChat (6.2.2):
    - UMengUShare/Core
  - UMengUShare/UI (6.2.2):
    - UMengUShare/Core
  - YYCache (1.0.4)
  - YYImage (1.0.4):
    - YYImage/Core (= 1.0.4)
  - YYImage/Core (1.0.4)
  - YYWebImage (1.0.5):
    - YYCache
    - YYImage

DEPENDENCIES:
  - Alamofire (~> 4.0.0)
  - Bugly
  - SwiftyJSON (~> 3.1.1)
  - UMengAnalytics
  - UMengUShare/Social/QQ
  - UMengUShare/Social/Sina
  - UMengUShare/Social/WeChat
  - UMengUShare/UI
  - YYImage
  - YYWebImage

SPEC CHECKSUMS:
  Alamofire: 7682d43245de14874acd142ec137b144aa1dd335
  Bugly: 7756e72c59387b0d490f46e83ab458ae94ee7fba
  SwiftyJSON: c2842d878f95482ffceec5709abc3d05680c0220
  UMengAnalytics: ef8d45f94c0e5771dc364cf6a5731d9d3b101da2
  UMengUShare: fc0a98b8d5297632e82874318fd72a10d17da228
  YYCache: 8105b6638f5e849296c71f331ff83891a4942952
  YYImage: 1e1b62a9997399593e4b9c4ecfbbabbf1d3f3b54
  YYWebImage: 5f7f36aee2ae293f016d418c7d6ba05c4863e928

PODFILE CHECKSUM: 1eb05f2a285b70ebde2007d1da91ccc7185f3c6f

COCOAPODS: 1.1.1
